
Microsoft Visual Studio Solution File, Format Version 11.00
# Visual Studio 2010
Project("{FAE04EC0-301F-11D3-BF4B-00C04F79EFBC}") = "CodeStage.Maintainer.Editor", "CodeStage.Maintainer.Editor.csproj", "{1dc13b6c-9834-eaea-0393-73db8bba05f8}"
EndProject
Project("{FAE04EC0-301F-11D3-BF4B-00C04F79EFBC}") = "JetBrains.Frontend.2022.2", "JetBrains.Frontend.2022.2.csproj", "{465f6f41-ae8c-ec02-1745-31d0835a0fd8}"
EndProject
Project("{FAE04EC0-301F-11D3-BF4B-00C04F79EFBC}") = "Assembly-CSharp-Editor-firstpass", "Assembly-CSharp-Editor-firstpass.csproj", "{4044a35d-5fef-0321-3cbd-47459566d98d}"
EndProject
Project("{FAE04EC0-301F-11D3-BF4B-00C04F79EFBC}") = "JetBrains.Frontend.2019.4", "JetBrains.Frontend.2019.4.csproj", "{94db6c90-8897-40f4-774c-e6c359cbf88d}"
EndProject
Project("{FAE04EC0-301F-11D3-BF4B-00C04F79EFBC}") = "Assembly-CSharp-firstpass", "Assembly-CSharp-firstpass.csproj", "{edc461c9-95e2-bcce-7dfd-08ac07c30eb5}"
EndProject
Project("{FAE04EC0-301F-11D3-BF4B-00C04F79EFBC}") = "JetBrains.Frontend.2021.2", "JetBrains.Frontend.2021.2.csproj", "{454d6f1f-dcf4-08b4-9f00-d5f771afb73b}"
EndProject
Project("{FAE04EC0-301F-11D3-BF4B-00C04F79EFBC}") = "JetBrains.Frontend.2020.2", "JetBrains.Frontend.2020.2.csproj", "{873812ed-d1f7-c82a-12be-63a7f7388cf0}"
EndProject
Global
	GlobalSection(SolutionConfigurationPlatforms) = preSolution
		Debug|Any CPU = Debug|Any CPU
	EndGlobalSection
	GlobalSection(ProjectConfigurationPlatforms) = postSolution
		{1dc13b6c-9834-eaea-0393-73db8bba05f8}.Debug|Any CPU.ActiveCfg = Debug|Any CPU
		{1dc13b6c-9834-eaea-0393-73db8bba05f8}.Debug|Any CPU.Build.0 = Debug|Any CPU
		{465f6f41-ae8c-ec02-1745-31d0835a0fd8}.Debug|Any CPU.ActiveCfg = Debug|Any CPU
		{465f6f41-ae8c-ec02-1745-31d0835a0fd8}.Debug|Any CPU.Build.0 = Debug|Any CPU
		{4044a35d-5fef-0321-3cbd-47459566d98d}.Debug|Any CPU.ActiveCfg = Debug|Any CPU
		{4044a35d-5fef-0321-3cbd-47459566d98d}.Debug|Any CPU.Build.0 = Debug|Any CPU
		{94db6c90-8897-40f4-774c-e6c359cbf88d}.Debug|Any CPU.ActiveCfg = Debug|Any CPU
		{94db6c90-8897-40f4-774c-e6c359cbf88d}.Debug|Any CPU.Build.0 = Debug|Any CPU
		{edc461c9-95e2-bcce-7dfd-08ac07c30eb5}.Debug|Any CPU.ActiveCfg = Debug|Any CPU
		{edc461c9-95e2-bcce-7dfd-08ac07c30eb5}.Debug|Any CPU.Build.0 = Debug|Any CPU
		{454d6f1f-dcf4-08b4-9f00-d5f771afb73b}.Debug|Any CPU.ActiveCfg = Debug|Any CPU
		{454d6f1f-dcf4-08b4-9f00-d5f771afb73b}.Debug|Any CPU.Build.0 = Debug|Any CPU
		{873812ed-d1f7-c82a-12be-63a7f7388cf0}.Debug|Any CPU.ActiveCfg = Debug|Any CPU
		{873812ed-d1f7-c82a-12be-63a7f7388cf0}.Debug|Any CPU.Build.0 = Debug|Any CPU
	EndGlobalSection
	GlobalSection(SolutionProperties) = preSolution
		HideSolutionNode = FALSE
	EndGlobalSection
EndGlobal
